{
  "name": "Smart Campus Notification System",
  "lockfileVersion": 3,
  "requires": true,
  "packages": {
    "": {
      "dependencies": {
        "opencode-windows-x64": "^1.14.19"
      }
    },
    "node_modules/opencode-windows-x64": {
      "version": "1.14.19",
      "resolved": "https://registry.npmjs.org/opencode-windows-x64/-/opencode-windows-x64-1.14.19.tgz",
      "integrity": "sha512-/TqGN91WiUzx7IPMPwmpMIzRixi5TMjaBcC9FH1TgD7DCqKnP6pokvu+ak0C9xwA4wKorE9PoZzeRt/+c3rDCQ==",
      "cpu": [
        "x64"
      ],
      "os": [
        "win32"
      ]
    }
  }
}
